
Microsoft Visual Studio Solution File, Format Version 11.00
# Visual Studio 2010
Project("{FAE04EC0-301F-11D3-BF4B-00C04F79EFBC}") = "UnityEngine.UI", "UnityEngine.UI.csproj", "{69862e7e-2351-5872-468a-8b7ced959a87}"
EndProject
Project("{FAE04EC0-301F-11D3-BF4B-00C04F79EFBC}") = "Assembly-CSharp", "Assembly-CSharp.csproj", "{a0b9f256-980c-6476-e64f-9591b9d2521f}"
EndProject
Project("{FAE04EC0-301F-11D3-BF4B-00C04F79EFBC}") = "Febucci.TextAnimator.Runtime", "Febucci.TextAnimator.Runtime.csproj", "{daba2454-2d64-1aee-592e-09506217ae2b}"
EndProject
Project("{FAE04EC0-301F-11D3-BF4B-00C04F79EFBC}") = "Febucci.TextAnimator.Demo.Runtime", "Febucci.TextAnimator.Demo.Runtime.csproj", "{35dfbc0e-f326-7a44-3028-e3b753c886ad}"
EndProject
Project("{FAE04EC0-301F-11D3-BF4B-00C04F79EFBC}") = "Unity.2D.Tilemap.Editor", "Unity.2D.Tilemap.Editor.csproj", "{f55a2f2a-759e-280f-b3a0-6bab2e4f698b}"
EndProject
Project("{FAE04EC0-301F-11D3-BF4B-00C04F79EFBC}") = "Assembly-CSharp-Editor", "Assembly-CSharp-Editor.csproj", "{b34e493e-2eac-9a8c-b446-8c552eab2367}"
EndProject
Project("{FAE04EC0-301F-11D3-BF4B-00C04F79EFBC}") = "Unity.2D.Sprite.Editor", "Unity.2D.Sprite.Editor.csproj", "{e5b82bac-9f34-5085-f3c4-d8bec35e661b}"
EndProject
Project("{FAE04EC0-301F-11D3-BF4B-00C04F79EFBC}") = "UnityEditor.UI", "UnityEditor.UI.csproj", "{47d43ba1-2748-271f-da68-5599ffdfcc44}"
EndProject
Project("{FAE04EC0-301F-11D3-BF4B-00C04F79EFBC}") = "Febucci.TextAnimator.Editor", "Febucci.TextAnimator.Editor.csproj", "{4e242d77-3255-cbac-e592-7b497b3bec98}"
EndProject
Project("{FAE04EC0-301F-11D3-BF4B-00C04F79EFBC}") = "Febucci.TextAnimator.Demo.Editor", "Febucci.TextAnimator.Demo.Editor.csproj", "{5426b018-25f4-d06d-9e19-03eabed7f6fc}"
EndProject
Project("{FAE04EC0-301F-11D3-BF4B-00C04F79EFBC}") = "UnityEngine.UI", "UnityEngine.UI.Player.csproj", "{474aff2d-6fd8-9d2d-265a-c889aa1c4c6a}"
EndProject
Project("{FAE04EC0-301F-11D3-BF4B-00C04F79EFBC}") = "Assembly-CSharp", "Assembly-CSharp.Player.csproj", "{3feaa10c-c2e4-29d7-94fa-bd115123defa}"
EndProject
Project("{FAE04EC0-301F-11D3-BF4B-00C04F79EFBC}") = "Febucci.TextAnimator.Runtime", "Febucci.TextAnimator.Runtime.Player.csproj", "{5255bb47-d023-7099-9284-15eef76547a4}"
EndProject
Project("{FAE04EC0-301F-11D3-BF4B-00C04F79EFBC}") = "Febucci.TextAnimator.Demo.Runtime", "Febucci.TextAnimator.Demo.Runtime.Player.csproj", "{27cb4440-fa09-e8b9-fd4b-621d9524b5c2}"
EndProject
Project("{FAE04EC0-301F-11D3-BF4B-00C04F79EFBC}") = "Assembly-CSharp-firstpass", "Assembly-CSharp-firstpass.Player.csproj", "{de8fdc21-0061-5ae6-7548-5ef682b87ca5}"
EndProject
Project("{FAE04EC0-301F-11D3-BF4B-00C04F79EFBC}") = "Unity.2D.Sprite.Package.EditorTests", "Unity.2D.Sprite.Package.EditorTests.Player.csproj", "{2b9cbd51-a8ef-dd91-d1a1-fcb1fc0b199b}"
EndProject
Project("{FAE04EC0-301F-11D3-BF4B-00C04F79EFBC}") = "UnityEngine.UI.Tests", "UnityEngine.UI.Tests.Player.csproj", "{354a8108-be81-27d2-4bd3-853be2e475a1}"
EndProject
Project("{FAE04EC0-301F-11D3-BF4B-00C04F79EFBC}") = "UnityEditor.UI.EditorTests", "UnityEditor.UI.EditorTests.Player.csproj", "{eb10e493-560f-6ffb-c6fb-1da5a807fbd9}"
EndProject
Project("{FAE04EC0-301F-11D3-BF4B-00C04F79EFBC}") = "Unity.2D.Tilemap.Package.EditorTests", "Unity.2D.Tilemap.Package.EditorTests.Player.csproj", "{90b915f2-68b5-e6a3-b696-5732bf699f27}"
EndProject
Global
	GlobalSection(SolutionConfigurationPlatforms) = preSolution
		Debug|Any CPU = Debug|Any CPU
	EndGlobalSection
	GlobalSection(ProjectConfigurationPlatforms) = postSolution
		{69862e7e-2351-5872-468a-8b7ced959a87}.Debug|Any CPU.ActiveCfg = Debug|Any CPU
		{69862e7e-2351-5872-468a-8b7ced959a87}.Debug|Any CPU.Build.0 = Debug|Any CPU
		{a0b9f256-980c-6476-e64f-9591b9d2521f}.Debug|Any CPU.ActiveCfg = Debug|Any CPU
		{a0b9f256-980c-6476-e64f-9591b9d2521f}.Debug|Any CPU.Build.0 = Debug|Any CPU
		{daba2454-2d64-1aee-592e-09506217ae2b}.Debug|Any CPU.ActiveCfg = Debug|Any CPU
		{daba2454-2d64-1aee-592e-09506217ae2b}.Debug|Any CPU.Build.0 = Debug|Any CPU
		{35dfbc0e-f326-7a44-3028-e3b753c886ad}.Debug|Any CPU.ActiveCfg = Debug|Any CPU
		{35dfbc0e-f326-7a44-3028-e3b753c886ad}.Debug|Any CPU.Build.0 = Debug|Any CPU
		{f55a2f2a-759e-280f-b3a0-6bab2e4f698b}.Debug|Any CPU.ActiveCfg = Debug|Any CPU
		{f55a2f2a-759e-280f-b3a0-6bab2e4f698b}.Debug|Any CPU.Build.0 = Debug|Any CPU
		{b34e493e-2eac-9a8c-b446-8c552eab2367}.Debug|Any CPU.ActiveCfg = Debug|Any CPU
		{b34e493e-2eac-9a8c-b446-8c552eab2367}.Debug|Any CPU.Build.0 = Debug|Any CPU
		{e5b82bac-9f34-5085-f3c4-d8bec35e661b}.Debug|Any CPU.ActiveCfg = Debug|Any CPU
		{e5b82bac-9f34-5085-f3c4-d8bec35e661b}.Debug|Any CPU.Build.0 = Debug|Any CPU
		{47d43ba1-2748-271f-da68-5599ffdfcc44}.Debug|Any CPU.ActiveCfg = Debug|Any CPU
		{47d43ba1-2748-271f-da68-5599ffdfcc44}.Debug|Any CPU.Build.0 = Debug|Any CPU
		{4e242d77-3255-cbac-e592-7b497b3bec98}.Debug|Any CPU.ActiveCfg = Debug|Any CPU
		{4e242d77-3255-cbac-e592-7b497b3bec98}.Debug|Any CPU.Build.0 = Debug|Any CPU
		{5426b018-25f4-d06d-9e19-03eabed7f6fc}.Debug|Any CPU.ActiveCfg = Debug|Any CPU
		{5426b018-25f4-d06d-9e19-03eabed7f6fc}.Debug|Any CPU.Build.0 = Debug|Any CPU
		{474aff2d-6fd8-9d2d-265a-c889aa1c4c6a}.Debug|Any CPU.ActiveCfg = Debug|Any CPU
		{474aff2d-6fd8-9d2d-265a-c889aa1c4c6a}.Debug|Any CPU.Build.0 = Debug|Any CPU
		{3feaa10c-c2e4-29d7-94fa-bd115123defa}.Debug|Any CPU.ActiveCfg = Debug|Any CPU
		{3feaa10c-c2e4-29d7-94fa-bd115123defa}.Debug|Any CPU.Build.0 = Debug|Any CPU
		{5255bb47-d023-7099-9284-15eef76547a4}.Debug|Any CPU.ActiveCfg = Debug|Any CPU
		{5255bb47-d023-7099-9284-15eef76547a4}.Debug|Any CPU.Build.0 = Debug|Any CPU
		{27cb4440-fa09-e8b9-fd4b-621d9524b5c2}.Debug|Any CPU.ActiveCfg = Debug|Any CPU
		{27cb4440-fa09-e8b9-fd4b-621d9524b5c2}.Debug|Any CPU.Build.0 = Debug|Any CPU
		{de8fdc21-0061-5ae6-7548-5ef682b87ca5}.Debug|Any CPU.ActiveCfg = Debug|Any CPU
		{de8fdc21-0061-5ae6-7548-5ef682b87ca5}.Debug|Any CPU.Build.0 = Debug|Any CPU
		{2b9cbd51-a8ef-dd91-d1a1-fcb1fc0b199b}.Debug|Any CPU.ActiveCfg = Debug|Any CPU
		{2b9cbd51-a8ef-dd91-d1a1-fcb1fc0b199b}.Debug|Any CPU.Build.0 = Debug|Any CPU
		{354a8108-be81-27d2-4bd3-853be2e475a1}.Debug|Any CPU.ActiveCfg = Debug|Any CPU
		{354a8108-be81-27d2-4bd3-853be2e475a1}.Debug|Any CPU.Build.0 = Debug|Any CPU
		{eb10e493-560f-6ffb-c6fb-1da5a807fbd9}.Debug|Any CPU.ActiveCfg = Debug|Any CPU
		{eb10e493-560f-6ffb-c6fb-1da5a807fbd9}.Debug|Any CPU.Build.0 = Debug|Any CPU
		{90b915f2-68b5-e6a3-b696-5732bf699f27}.Debug|Any CPU.ActiveCfg = Debug|Any CPU
		{90b915f2-68b5-e6a3-b696-5732bf699f27}.Debug|Any CPU.Build.0 = Debug|Any CPU
	EndGlobalSection
	GlobalSection(SolutionProperties) = preSolution
		HideSolutionNode = FALSE
	EndGlobalSection
EndGlobal
